
Microsoft Visual Studio Solution File, Format Version 12.00
# Visual Studio Version 16
VisualStudioVersion = 16.0.30204.135
MinimumVisualStudioVersion = 10.0.40219.1
Project("{FAE04EC0-301F-11D3-BF4B-00C04F79EFBC}") = "Presentacion", "Presentacion\Presentacion.csproj", "{4F6F8446-0BEB-4827-9019-3BE26FF6202B}"
EndProject
Project("{FAE04EC0-301F-11D3-BF4B-00C04F79EFBC}") = "Dominio", "Dominio\Dominio.csproj", "{0A1929CA-949C-47D3-B2DF-ABE5045D787E}"
EndProject
Project("{FAE04EC0-301F-11D3-BF4B-00C04F79EFBC}") = "AccesoDatos", "AccesoDatos\AccesoDatos.csproj", "{1F1C16D9-751E-483B-9109-52C0DCB5B41F}"
EndProject
Global
	GlobalSection(SolutionConfigurationPlatforms) = preSolution
		Debug|Any CPU = Debug|Any CPU
		Release|Any CPU = Release|Any CPU
	EndGlobalSection
	GlobalSection(ProjectConfigurationPlatforms) = postSolution
		{4F6F8446-0BEB-4827-9019-3BE26FF6202B}.Debug|Any CPU.ActiveCfg = Debug|Any CPU
		{4F6F8446-0BEB-4827-9019-3BE26FF6202B}.Debug|Any CPU.Build.0 = Debug|Any CPU
		{4F6F8446-0BEB-4827-9019-3BE26FF6202B}.Release|Any CPU.ActiveCfg = Release|Any CPU
		{4F6F8446-0BEB-4827-9019-3BE26FF6202B}.Release|Any CPU.Build.0 = Release|Any CPU
		{0A1929CA-949C-47D3-B2DF-ABE5045D787E}.Debug|Any CPU.ActiveCfg = Debug|Any CPU
		{0A1929CA-949C-47D3-B2DF-ABE5045D787E}.Debug|Any CPU.Build.0 = Debug|Any CPU
		{0A1929CA-949C-47D3-B2DF-ABE5045D787E}.Release|Any CPU.ActiveCfg = Release|Any CPU
		{0A1929CA-949C-47D3-B2DF-ABE5045D787E}.Release|Any CPU.Build.0 = Release|Any CPU
		{1F1C16D9-751E-483B-9109-52C0DCB5B41F}.Debug|Any CPU.ActiveCfg = Debug|Any CPU
		{1F1C16D9-751E-483B-9109-52C0DCB5B41F}.Debug|Any CPU.Build.0 = Debug|Any CPU
		{1F1C16D9-751E-483B-9109-52C0DCB5B41F}.Release|Any CPU.ActiveCfg = Release|Any CPU
		{1F1C16D9-751E-483B-9109-52C0DCB5B41F}.Release|Any CPU.Build.0 = Release|Any CPU
	EndGlobalSection
	GlobalSection(SolutionProperties) = preSolution
		HideSolutionNode = FALSE
	EndGlobalSection
	GlobalSection(ExtensibilityGlobals) = postSolution
		SolutionGuid = {E80A33B3-7FEE-4419-9F8A-BC993062B15D}
	EndGlobalSection
EndGlobal
